// !$*UTF8*$!
{
	archiveVersion = 1;
	classes = {
	};
	objectVersion = 56;
	objects = {

/* Begin PBXBuildFile section */
		CD01DDC52A1A969500DF4A40 /* ProfileTableViewHeader.swift in Sources */ = {isa = PBXBuildFile; fileRef = CD01DDC42A1A969500DF4A40 /* ProfileTableViewHeader.swift */; };
		CD430A272A1A1B7900F798E0 /* TweetTableViewCell.swift in Sources */ = {isa = PBXBuildFile; fileRef = CD430A262A1A1B7900F798E0 /* TweetTableViewCell.swift */; };
		CD6E09492A195E48003234CA /* UIView-Extension.swift in Sources */ = {isa = PBXBuildFile; fileRef = CD6E09482A195E48003234CA /* UIView-Extension.swift */; };
		CD85BA372A19468000E3C332 /* AppDelegate.swift in Sources */ = {isa = PBXBuildFile; fileRef = CD85BA362A19468000E3C332 /* AppDelegate.swift */; };
		CD85BA392A19468000E3C332 /* SceneDelegate.swift in Sources */ = {isa = PBXBuildFile; fileRef = CD85BA382A19468000E3C332 /* SceneDelegate.swift */; };
		CD85BA3B2A19468000E3C332 /* MainTabbarViewController.swift in Sources */ = {isa = PBXBuildFile; fileRef = CD85BA3A2A19468000E3C332 /* MainTabbarViewController.swift */; };
		CD85BA402A19468000E3C332 /* Assets.xcassets in Resources */ = {isa = PBXBuildFile; fileRef = CD85BA3F2A19468000E3C332 /* Assets.xcassets */; };
		CD85BA432A19468000E3C332 /* LaunchScreen.storyboard in Resources */ = {isa = PBXBuildFile; fileRef = CD85BA412A19468000E3C332 /* LaunchScreen.storyboard */; };
		CD85BA4C2A1949BD00E3C332 /* HomeViewController.swift in Sources */ = {isa = PBXBuildFile; fileRef = CD85BA4B2A1949BD00E3C332 /* HomeViewController.swift */; };
		CD85BA4E2A1949C500E3C332 /* SearchViewController.swift in Sources */ = {isa = PBXBuildFile; fileRef = CD85BA4D2A1949C500E3C332 /* SearchViewController.swift */; };
		CD85BA502A1949E300E3C332 /* NotificationViewController.swift in Sources */ = {isa = PBXBuildFile; fileRef = CD85BA4F2A1949E300E3C332 /* NotificationViewController.swift */; };
		CD85BA522A1949F200E3C332 /* MessageViewController.swift in Sources */ = {isa = PBXBuildFile; fileRef = CD85BA512A1949F200E3C332 /* MessageViewController.swift */; };
		CDDD59A12A1A510E00BCBC8A /* ProfileViewController.swift in Sources */ = {isa = PBXBuildFile; fileRef = CDDD59A02A1A510E00BCBC8A /* ProfileViewController.swift */; };
		CDE1842A2A1D5B0F0032A1A4 /* GoogleService-Info.plist in Resources */ = {isa = PBXBuildFile; fileRef = CDE184292A1D5B0F0032A1A4 /* GoogleService-Info.plist */; };
		CDE1842D2A1D5BC10032A1A4 /* FirebaseAuth in Frameworks */ = {isa = PBXBuildFile; productRef = CDE1842C2A1D5BC10032A1A4 /* FirebaseAuth */; };
		CDE1842F2A1D5BC10032A1A4 /* FirebaseAuthCombine-Community in Frameworks */ = {isa = PBXBuildFile; productRef = CDE1842E2A1D5BC10032A1A4 /* FirebaseAuthCombine-Community */; };
		CDE184312A1D5BC10032A1A4 /* FirebaseDatabase in Frameworks */ = {isa = PBXBuildFile; productRef = CDE184302A1D5BC10032A1A4 /* FirebaseDatabase */; };
		CDE184332A1D5BC10032A1A4 /* FirebaseDatabaseSwift in Frameworks */ = {isa = PBXBuildFile; productRef = CDE184322A1D5BC10032A1A4 /* FirebaseDatabaseSwift */; };
		CDE184352A1D5BC10032A1A4 /* FirebaseDynamicLinks in Frameworks */ = {isa = PBXBuildFile; productRef = CDE184342A1D5BC10032A1A4 /* FirebaseDynamicLinks */; };
		CDE184372A1D5BC10032A1A4 /* FirebaseFirestore in Frameworks */ = {isa = PBXBuildFile; productRef = CDE184362A1D5BC10032A1A4 /* FirebaseFirestore */; };
		CDE184392A1D5BC10032A1A4 /* FirebaseFirestoreCombine-Community in Frameworks */ = {isa = PBXBuildFile; productRef = CDE184382A1D5BC10032A1A4 /* FirebaseFirestoreCombine-Community */; };
		CDE1843B2A1D5BC10032A1A4 /* FirebaseFirestoreSwift in Frameworks */ = {isa = PBXBuildFile; productRef = CDE1843A2A1D5BC10032A1A4 /* FirebaseFirestoreSwift */; };
		CDE1843D2A1D5BC10032A1A4 /* FirebaseStorage in Frameworks */ = {isa = PBXBuildFile; productRef = CDE1843C2A1D5BC10032A1A4 /* FirebaseStorage */; };
		CDE1843F2A1D5BC10032A1A4 /* FirebaseStorageCombine-Community in Frameworks */ = {isa = PBXBuildFile; productRef = CDE1843E2A1D5BC10032A1A4 /* FirebaseStorageCombine-Community */; };
		CDE184412A1D5CAF0032A1A4 /* OnboardViewController.swift in Sources */ = {isa = PBXBuildFile; fileRef = CDE184402A1D5CAF0032A1A4 /* OnboardViewController.swift */; };
		CDE184442A1D63E60032A1A4 /* RegisterViewController.swift in Sources */ = {isa = PBXBuildFile; fileRef = CDE184432A1D63E60032A1A4 /* RegisterViewController.swift */; };
/* End PBXBuildFile section */

/* Begin PBXFileReference section */
		CD01DDC42A1A969500DF4A40 /* ProfileTableViewHeader.swift */ = {isa = PBXFileReference; lastKnownFileType = sourcecode.swift; path = ProfileTableViewHeader.swift; sourceTree = "<group>"; };
		CD430A262A1A1B7900F798E0 /* TweetTableViewCell.swift */ = {isa = PBXFileReference; lastKnownFileType = sourcecode.swift; path = TweetTableViewCell.swift; sourceTree = "<group>"; };
		CD6E09482A195E48003234CA /* UIView-Extension.swift */ = {isa = PBXFileReference; lastKnownFileType = sourcecode.swift; path = "UIView-Extension.swift"; sourceTree = "<group>"; };
		CD85BA332A19468000E3C332 /* TwitterClone.app */ = {isa = PBXFileReference; explicitFileType = wrapper.application; includeInIndex = 0; path = TwitterClone.app; sourceTree = BUILT_PRODUCTS_DIR; };
		CD85BA362A19468000E3C332 /* AppDelegate.swift */ = {isa = PBXFileReference; lastKnownFileType = sourcecode.swift; path = AppDelegate.swift; sourceTree = "<group>"; };
		CD85BA382A19468000E3C332 /* SceneDelegate.swift */ = {isa = PBXFileReference; lastKnownFileType = sourcecode.swift; path = SceneDelegate.swift; sourceTree = "<group>"; };
		CD85BA3A2A19468000E3C332 /* MainTabbarViewController.swift */ = {isa = PBXFileReference; lastKnownFileType = sourcecode.swift; path = MainTabbarViewController.swift; sourceTree = "<group>"; };
		CD85BA3F2A19468000E3C332 /* Assets.xcassets */ = {isa = PBXFileReference; lastKnownFileType = folder.assetcatalog; path = Assets.xcassets; sourceTree = "<group>"; };
		CD85BA422A19468000E3C332 /* Base */ = {isa = PBXFileReference; lastKnownFileType = file.storyboard; name = Base; path = Base.lproj/LaunchScreen.storyboard; sourceTree = "<group>"; };
		CD85BA442A19468000E3C332 /* Info.plist */ = {isa = PBXFileReference; lastKnownFileType = text.plist.xml; path = Info.plist; sourceTree = "<group>"; };
		CD85BA4B2A1949BD00E3C332 /* HomeViewController.swift */ = {isa = PBXFileReference; lastKnownFileType = sourcecode.swift; path = HomeViewController.swift; sourceTree = "<group>"; };
		CD85BA4D2A1949C500E3C332 /* SearchViewController.swift */ = {isa = PBXFileReference; lastKnownFileType = sourcecode.swift; path = SearchViewController.swift; sourceTree = "<group>"; };
		CD85BA4F2A1949E300E3C332 /* NotificationViewController.swift */ = {isa = PBXFileReference; lastKnownFileType = sourcecode.swift; path = NotificationViewController.swift; sourceTree = "<group>"; };
		CD85BA512A1949F200E3C332 /* MessageViewController.swift */ = {isa = PBXFileReference; lastKnownFileType = sourcecode.swift; path = MessageViewController.swift; sourceTree = "<group>"; };
		CDDD59A02A1A510E00BCBC8A /* ProfileViewController.swift */ = {isa = PBXFileReference; lastKnownFileType = sourcecode.swift; path = ProfileViewController.swift; sourceTree = "<group>"; };
		CDE184292A1D5B0F0032A1A4 /* GoogleService-Info.plist */ = {isa = PBXFileReference; fileEncoding = 4; lastKnownFileType = text.plist.xml; path = "GoogleService-Info.plist"; sourceTree = "<group>"; };
		CDE184402A1D5CAF0032A1A4 /* OnboardViewController.swift */ = {isa = PBXFileReference; lastKnownFileType = sourcecode.swift; path = OnboardViewController.swift; sourceTree = "<group>"; };
		CDE184432A1D63E60032A1A4 /* RegisterViewController.swift */ = {isa = PBXFileReference; lastKnownFileType = sourcecode.swift; path = RegisterViewController.swift; sourceTree = "<group>"; };
/* End PBXFileReference section */

/* Begin PBXFrameworksBuildPhase section */
		CD85BA302A19468000E3C332 /* Frameworks */ = {
			isa = PBXFrameworksBuildPhase;
			buildActionMask = 2147483647;
			files = (
				CDE184332A1D5BC10032A1A4 /* FirebaseDatabaseSwift in Frameworks */,
				CDE184312A1D5BC10032A1A4 /* FirebaseDatabase in Frameworks */,
				CDE1843F2A1D5BC10032A1A4 /* FirebaseStorageCombine-Community in Frameworks */,
				CDE1843D2A1D5BC10032A1A4 /* FirebaseStorage in Frameworks */,
				CDE1842D2A1D5BC10032A1A4 /* FirebaseAuth in Frameworks */,
				CDE1842F2A1D5BC10032A1A4 /* FirebaseAuthCombine-Community in Frameworks */,
				CDE184352A1D5BC10032A1A4 /* FirebaseDynamicLinks in Frameworks */,
				CDE184372A1D5BC10032A1A4 /* FirebaseFirestore in Frameworks */,
				CDE184392A1D5BC10032A1A4 /* FirebaseFirestoreCombine-Community in Frameworks */,
				CDE1843B2A1D5BC10032A1A4 /* FirebaseFirestoreSwift in Frameworks */,
			);
			runOnlyForDeploymentPostprocessing = 0;
		};
/* End PBXFrameworksBuildPhase section */

/* Begin PBXGroup section */
		CD6E09422A1959B3003234CA /* Views */ = {
			isa = PBXGroup;
			children = (
				CD430A262A1A1B7900F798E0 /* TweetTableViewCell.swift */,
				CD01DDC42A1A969500DF4A40 /* ProfileTableViewHeader.swift */,
			);
			path = Views;
			sourceTree = "<group>";
		};
		CD6E09472A195E36003234CA /* Extensions */ = {
			isa = PBXGroup;
			children = (
				CD6E09482A195E48003234CA /* UIView-Extension.swift */,
			);
			path = Extensions;
			sourceTree = "<group>";
		};
		CD85BA2A2A19468000E3C332 = {
			isa = PBXGroup;
			children = (
				CD85BA352A19468000E3C332 /* TwitterClone */,
				CD85BA342A19468000E3C332 /* Products */,
			);
			sourceTree = "<group>";
		};
		CD85BA342A19468000E3C332 /* Products */ = {
			isa = PBXGroup;
			children = (
				CD85BA332A19468000E3C332 /* TwitterClone.app */,
			);
			name = Products;
			sourceTree = "<group>";
		};
		CD85BA352A19468000E3C332 /* TwitterClone */ = {
			isa = PBXGroup;
			children = (
				CD6E09472A195E36003234CA /* Extensions */,
				CD6E09422A1959B3003234CA /* Views */,
				CD85BA4A2A19492100E3C332 /* ViewControllers */,
				CD85BA362A19468000E3C332 /* AppDelegate.swift */,
				CD85BA382A19468000E3C332 /* SceneDelegate.swift */,
				CD85BA3A2A19468000E3C332 /* MainTabbarViewController.swift */,
				CD85BA3F2A19468000E3C332 /* Assets.xcassets */,
				CD85BA412A19468000E3C332 /* LaunchScreen.storyboard */,
				CD85BA442A19468000E3C332 /* Info.plist */,
				CDE184292A1D5B0F0032A1A4 /* GoogleService-Info.plist */,
			);
			path = TwitterClone;
			sourceTree = "<group>";
		};
		CD85BA4A2A19492100E3C332 /* ViewControllers */ = {
			isa = PBXGroup;
			children = (
				CDE184422A1D63CD0032A1A4 /* Onboard */,
				CD85BA4B2A1949BD00E3C332 /* HomeViewController.swift */,
				CD85BA4D2A1949C500E3C332 /* SearchViewController.swift */,
				CD85BA4F2A1949E300E3C332 /* NotificationViewController.swift */,
				CD85BA512A1949F200E3C332 /* MessageViewController.swift */,
				CDDD59A02A1A510E00BCBC8A /* ProfileViewController.swift */,
			);
			path = ViewControllers;
			sourceTree = "<group>";
		};
		CDE184422A1D63CD0032A1A4 /* Onboard */ = {
			isa = PBXGroup;
			children = (
				CDE184402A1D5CAF0032A1A4 /* OnboardViewController.swift */,
				CDE184432A1D63E60032A1A4 /* RegisterViewController.swift */,
			);
			path = Onboard;
			sourceTree = "<group>";
		};
/* End PBXGroup section */

/* Begin PBXNativeTarget section */
		CD85BA322A19468000E3C332 /* TwitterClone */ = {
			isa = PBXNativeTarget;
			buildConfigurationList = CD85BA472A19468000E3C332 /* Build configuration list for PBXNativeTarget "TwitterClone" */;
			buildPhases = (
				CD85BA2F2A19468000E3C332 /* Sources */,
				CD85BA302A19468000E3C332 /* Frameworks */,
				CD85BA312A19468000E3C332 /* Resources */,
			);
			buildRules = (
			);
			dependencies = (
			);
			name = TwitterClone;
			packageProductDependencies = (
				CDE1842C2A1D5BC10032A1A4 /* FirebaseAuth */,
				CDE1842E2A1D5BC10032A1A4 /* FirebaseAuthCombine-Community */,
				CDE184302A1D5BC10032A1A4 /* FirebaseDatabase */,
				CDE184322A1D5BC10032A1A4 /* FirebaseDatabaseSwift */,
				CDE184342A1D5BC10032A1A4 /* FirebaseDynamicLinks */,
				CDE184362A1D5BC10032A1A4 /* FirebaseFirestore */,
				CDE184382A1D5BC10032A1A4 /* FirebaseFirestoreCombine-Community */,
				CDE1843A2A1D5BC10032A1A4 /* FirebaseFirestoreSwift */,
				CDE1843C2A1D5BC10032A1A4 /* FirebaseStorage */,
				CDE1843E2A1D5BC10032A1A4 /* FirebaseStorageCombine-Community */,
			);
			productName = TwitterClone;
			productReference = CD85BA332A19468000E3C332 /* TwitterClone.app */;
			productType = "com.apple.product-type.application";
		};
/* End PBXNativeTarget section */

/* Begin PBXProject section */
		CD85BA2B2A19468000E3C332 /* Project object */ = {
			isa = PBXProject;
			attributes = {
				BuildIndependentTargetsInParallel = 1;
				LastSwiftUpdateCheck = 1430;
				LastUpgradeCheck = 1430;
				TargetAttributes = {
					CD85BA322A19468000E3C332 = {
						CreatedOnToolsVersion = 14.3;
					};
				};
			};
			buildConfigurationList = CD85BA2E2A19468000E3C332 /* Build configuration list for PBXProject "TwitterClone" */;
			compatibilityVersion = "Xcode 14.0";
			developmentRegion = en;
			hasScannedForEncodings = 0;
			knownRegions = (
				en,
				Base,
			);
			mainGroup = CD85BA2A2A19468000E3C332;
			packageReferences = (
				CDE1842B2A1D5BC10032A1A4 /* XCRemoteSwiftPackageReference "firebase-ios-sdk" */,
			);
			productRefGroup = CD85BA342A19468000E3C332 /* Products */;
			projectDirPath = "";
			projectRoot = "";
			targets = (
				CD85BA322A19468000E3C332 /* TwitterClone */,
			);
		};
/* End PBXProject section */

/* Begin PBXResourcesBuildPhase section */
		CD85BA312A19468000E3C332 /* Resources */ = {
			isa = PBXResourcesBuildPhase;
			buildActionMask = 2147483647;
			files = (
				CD85BA432A19468000E3C332 /* LaunchScreen.storyboard in Resources */,
				CD85BA402A19468000E3C332 /* Assets.xcassets in Resources */,
				CDE1842A2A1D5B0F0032A1A4 /* GoogleService-Info.plist in Resources */,
			);
			runOnlyForDeploymentPostprocessing = 0;
		};
/* End PBXResourcesBuildPhase section */

/* Begin PBXSourcesBuildPhase section */
		CD85BA2F2A19468000E3C332 /* Sources */ = {
			isa = PBXSourcesBuildPhase;
			buildActionMask = 2147483647;
			files = (
				CD85BA4E2A1949C500E3C332 /* SearchViewController.swift in Sources */,
				CD85BA3B2A19468000E3C332 /* MainTabbarViewController.swift in Sources */,
				CDE184412A1D5CAF0032A1A4 /* OnboardViewController.swift in Sources */,
				CD01DDC52A1A969500DF4A40 /* ProfileTableViewHeader.swift in Sources */,
				CDDD59A12A1A510E00BCBC8A /* ProfileViewController.swift in Sources */,
				CD430A272A1A1B7900F798E0 /* TweetTableViewCell.swift in Sources */,
				CD85BA502A1949E300E3C332 /* NotificationViewController.swift in Sources */,
				CD6E09492A195E48003234CA /* UIView-Extension.swift in Sources */,
				CD85BA372A19468000E3C332 /* AppDelegate.swift in Sources */,
				CD85BA392A19468000E3C332 /* SceneDelegate.swift in Sources */,
				CDE184442A1D63E60032A1A4 /* RegisterViewController.swift in Sources */,
				CD85BA4C2A1949BD00E3C332 /* HomeViewController.swift in Sources */,
				CD85BA522A1949F200E3C332 /* MessageViewController.swift in Sources */,
			);
			runOnlyForDeploymentPostprocessing = 0;
		};
/* End PBXSourcesBuildPhase section */

/* Begin PBXVariantGroup section */
		CD85BA412A19468000E3C332 /* LaunchScreen.storyboard */ = {
			isa = PBXVariantGroup;
			children = (
				CD85BA422A19468000E3C332 /* Base */,
			);
			name = LaunchScreen.storyboard;
			sourceTree = "<group>";
		};
/* End PBXVariantGroup section */

/* Begin XCBuildConfiguration section */
		CD85BA452A19468000E3C332 /* Debug */ = {
			isa = XCBuildConfiguration;
			buildSettings = {
				ALWAYS_SEARCH_USER_PATHS = NO;
				CLANG_ANALYZER_NONNULL = YES;
				CLANG_ANALYZER_NUMBER_OBJECT_CONVERSION = YES_AGGRESSIVE;
				CLANG_CXX_LANGUAGE_STANDARD = "gnu++20";
				CLANG_ENABLE_MODULES = YES;
				CLANG_ENABLE_OBJC_ARC = YES;
				CLANG_ENABLE_OBJC_WEAK = YES;
				CLANG_WARN_BLOCK_CAPTURE_AUTORELEASING = YES;
				CLANG_WARN_BOOL_CONVERSION = YES;
				CLANG_WARN_COMMA = YES;
				CLANG_WARN_CONSTANT_CONVERSION = YES;
				CLANG_WARN_DEPRECATED_OBJC_IMPLEMENTATIONS = YES;
				CLANG_WARN_DIRECT_OBJC_ISA_USAGE = YES_ERROR;
				CLANG_WARN_DOCUMENTATION_COMMENTS = YES;
				CLANG_WARN_EMPTY_BODY = YES;
				CLANG_WARN_ENUM_CONVERSION = YES;
				CLANG_WARN_INFINITE_RECURSION = YES;
				CLANG_WARN_INT_CONVERSION = YES;
				CLANG_WARN_NON_LITERAL_NULL_CONVERSION = YES;
				CLANG_WARN_OBJC_IMPLICIT_RETAIN_SELF = YES;
				CLANG_WARN_OBJC_LITERAL_CONVERSION = YES;
				CLANG_WARN_OBJC_ROOT_CLASS = YES_ERROR;
				CLANG_WARN_QUOTED_INCLUDE_IN_FRAMEWORK_HEADER = YES;
				CLANG_WARN_RANGE_LOOP_ANALYSIS = YES;
				CLANG_WARN_STRICT_PROTOTYPES = YES;
				CLANG_WARN_SUSPICIOUS_MOVE = YES;
				CLANG_WARN_UNGUARDED_AVAILABILITY = YES_AGGRESSIVE;
				CLANG_WARN_UNREACHABLE_CODE = YES;
				CLANG_WARN__DUPLICATE_METHOD_MATCH = YES;
				COPY_PHASE_STRIP = NO;
				DEBUG_INFORMATION_FORMAT = dwarf;
				ENABLE_STRICT_OBJC_MSGSEND = YES;
				ENABLE_TESTABILITY = YES;
				GCC_C_LANGUAGE_STANDARD = gnu11;
				GCC_DYNAMIC_NO_PIC = NO;
				GCC_NO_COMMON_BLOCKS = YES;
				GCC_OPTIMIZATION_LEVEL = 0;
				GCC_PREPROCESSOR_DEFINITIONS = (
					"DEBUG=1",
					"$(inherited)",
				);
				GCC_WARN_64_TO_32_BIT_CONVERSION = YES;
				GCC_WARN_ABOUT_RETURN_TYPE = YES_ERROR;
				GCC_WARN_UNDECLARED_SELECTOR = YES;
				GCC_WARN_UNINITIALIZED_AUTOS = YES_AGGRESSIVE;
				GCC_WARN_UNUSED_FUNCTION = YES;
				GCC_WARN_UNUSED_VARIABLE = YES;
				IPHONEOS_DEPLOYMENT_TARGET = 16.4;
				MTL_ENABLE_DEBUG_INFO = INCLUDE_SOURCE;
				MTL_FAST_MATH = YES;
				ONLY_ACTIVE_ARCH = YES;
				SDKROOT = iphoneos;
				SWIFT_ACTIVE_COMPILATION_CONDITIONS = DEBUG;
				SWIFT_OPTIMIZATION_LEVEL = "-Onone";
			};
			name = Debug;
		};
		CD85BA462A19468000E3C332 /* Release */ = {
			isa = XCBuildConfiguration;
			buildSettings = {
				ALWAYS_SEARCH_USER_PATHS = NO;
				CLANG_ANALYZER_NONNULL = YES;
				CLANG_ANALYZER_NUMBER_OBJECT_CONVERSION = YES_AGGRESSIVE;
				CLANG_CXX_LANGUAGE_STANDARD = "gnu++20";
				CLANG_ENABLE_MODULES = YES;
				CLANG_ENABLE_OBJC_ARC = YES;
				CLANG_ENABLE_OBJC_WEAK = YES;
				CLANG_WARN_BLOCK_CAPTURE_AUTORELEASING = YES;
				CLANG_WARN_BOOL_CONVERSION = YES;
				CLANG_WARN_COMMA = YES;
				CLANG_WARN_CONSTANT_CONVERSION = YES;
				CLANG_WARN_DEPRECATED_OBJC_IMPLEMENTATIONS = YES;
				CLANG_WARN_DIRECT_OBJC_ISA_USAGE = YES_ERROR;
				CLANG_WARN_DOCUMENTATION_COMMENTS = YES;
				CLANG_WARN_EMPTY_BODY = YES;
				CLANG_WARN_ENUM_CONVERSION = YES;
				CLANG_WARN_INFINITE_RECURSION = YES;
				CLANG_WARN_INT_CONVERSION = YES;
				CLANG_WARN_NON_LITERAL_NULL_CONVERSION = YES;
				CLANG_WARN_OBJC_IMPLICIT_RETAIN_SELF = YES;
				CLANG_WARN_OBJC_LITERAL_CONVERSION = YES;
				CLANG_WARN_OBJC_ROOT_CLASS = YES_ERROR;
				CLANG_WARN_QUOTED_INCLUDE_IN_FRAMEWORK_HEADER = YES;
				CLANG_WARN_RANGE_LOOP_ANALYSIS = YES;
				CLANG_WARN_STRICT_PROTOTYPES = YES;
				CLANG_WARN_SUSPICIOUS_MOVE = YES;
				CLANG_WARN_UNGUARDED_AVAILABILITY = YES_AGGRESSIVE;
				CLANG_WARN_UNREACHABLE_CODE = YES;
				CLANG_WARN__DUPLICATE_METHOD_MATCH = YES;
				COPY_PHASE_STRIP = NO;
				DEBUG_INFORMATION_FORMAT = "dwarf-with-dsym";
				ENABLE_NS_ASSERTIONS = NO;
				ENABLE_STRICT_OBJC_MSGSEND = YES;
				GCC_C_LANGUAGE_STANDARD = gnu11;
				GCC_NO_COMMON_BLOCKS = YES;
				GCC_WARN_64_TO_32_BIT_CONVERSION = YES;
				GCC_WARN_ABOUT_RETURN_TYPE = YES_ERROR;
				GCC_WARN_UNDECLARED_SELECTOR = YES;
				GCC_WARN_UNINITIALIZED_AUTOS = YES_AGGRESSIVE;
				GCC_WARN_UNUSED_FUNCTION = YES;
				GCC_WARN_UNUSED_VARIABLE = YES;
				IPHONEOS_DEPLOYMENT_TARGET = 16.4;
				MTL_ENABLE_DEBUG_INFO = NO;
				MTL_FAST_MATH = YES;
				SDKROOT = iphoneos;
				SWIFT_COMPILATION_MODE = wholemodule;
				SWIFT_OPTIMIZATION_LEVEL = "-O";
				VALIDATE_PRODUCT = YES;
			};
			name = Release;
		};
		CD85BA482A19468000E3C332 /* Debug */ = {
			isa = XCBuildConfiguration;
			buildSettings = {
				ASSETCATALOG_COMPILER_APPICON_NAME = AppIcon;
				ASSETCATALOG_COMPILER_GLOBAL_ACCENT_COLOR_NAME = AccentColor;
				CODE_SIGN_STYLE = Automatic;
				CURRENT_PROJECT_VERSION = 1;
				DEVELOPMENT_TEAM = JZ74XGGJ4P;
				GENERATE_INFOPLIST_FILE = YES;
				INFOPLIST_FILE = TwitterClone/Info.plist;
				INFOPLIST_KEY_UIApplicationSupportsIndirectInputEvents = YES;
				INFOPLIST_KEY_UILaunchStoryboardName = LaunchScreen;
				INFOPLIST_KEY_UISupportedInterfaceOrientations_iPad = "UIInterfaceOrientationPortrait UIInterfaceOrientationPortraitUpsideDown UIInterfaceOrientationLandscapeLeft UIInterfaceOrientationLandscapeRight";
				INFOPLIST_KEY_UISupportedInterfaceOrientations_iPhone = "UIInterfaceOrientationPortrait UIInterfaceOrientationLandscapeLeft UIInterfaceOrientationLandscapeRight";
				LD_RUNPATH_SEARCH_PATHS = (
					"$(inherited)",
					"@executable_path/Frameworks",
				);
				MARKETING_VERSION = 1.0;
				PRODUCT_BUNDLE_IDENTIFIER = com.osmncn.TwitterClone;
				PRODUCT_NAME = "$(TARGET_NAME)";
				SWIFT_EMIT_LOC_STRINGS = YES;
				SWIFT_VERSION = 5.0;
				TARGETED_DEVICE_FAMILY = "1,2";
			};
			name = Debug;
		};
		CD85BA492A19468000E3C332 /* Release */ = {
			isa = XCBuildConfiguration;
			buildSettings = {
				ASSETCATALOG_COMPILER_APPICON_NAME = AppIcon;
				ASSETCATALOG_COMPILER_GLOBAL_ACCENT_COLOR_NAME = AccentColor;
				CODE_SIGN_STYLE = Automatic;
				CURRENT_PROJECT_VERSION = 1;
				DEVELOPMENT_TEAM = JZ74XGGJ4P;
				GENERATE_INFOPLIST_FILE = YES;
				INFOPLIST_FILE = TwitterClone/Info.plist;
				INFOPLIST_KEY_UIApplicationSupportsIndirectInputEvents = YES;
				INFOPLIST_KEY_UILaunchStoryboardName = LaunchScreen;
				INFOPLIST_KEY_UISupportedInterfaceOrientations_iPad = "UIInterfaceOrientationPortrait UIInterfaceOrientationPortraitUpsideDown UIInterfaceOrientationLandscapeLeft UIInterfaceOrientationLandscapeRight";
				INFOPLIST_KEY_UISupportedInterfaceOrientations_iPhone = "UIInterfaceOrientationPortrait UIInterfaceOrientationLandscapeLeft UIInterfaceOrientationLandscapeRight";
				LD_RUNPATH_SEARCH_PATHS = (
					"$(inherited)",
					"@executable_path/Frameworks",
				);
				MARKETING_VERSION = 1.0;
				PRODUCT_BUNDLE_IDENTIFIER = com.osmncn.TwitterClone;
				PRODUCT_NAME = "$(TARGET_NAME)";
				SWIFT_EMIT_LOC_STRINGS = YES;
				SWIFT_VERSION = 5.0;
				TARGETED_DEVICE_FAMILY = "1,2";
			};
			name = Release;
		};
/* End XCBuildConfiguration section */

/* Begin XCConfigurationList section */
		CD85BA2E2A19468000E3C332 /* Build configuration list for PBXProject "TwitterClone" */ = {
			isa = XCConfigurationList;
			buildConfigurations = (
				CD85BA452A19468000E3C332 /* Debug */,
				CD85BA462A19468000E3C332 /* Release */,
			);
			defaultConfigurationIsVisible = 0;
			defaultConfigurationName = Release;
		};
		CD85BA472A19468000E3C332 /* Build configuration list for PBXNativeTarget "TwitterClone" */ = {
			isa = XCConfigurationList;
			buildConfigurations = (
				CD85BA482A19468000E3C332 /* Debug */,
				CD85BA492A19468000E3C332 /* Release */,
			);
			defaultConfigurationIsVisible = 0;
			defaultConfigurationName = Release;
		};
/* End XCConfigurationList section */

/* Begin XCRemoteSwiftPackageReference section */
		CDE1842B2A1D5BC10032A1A4 /* XCRemoteSwiftPackageReference "firebase-ios-sdk" */ = {
			isa = XCRemoteSwiftPackageReference;
			repositoryURL = "https://github.com/firebase/firebase-ios-sdk";
			requirement = {
				kind = upToNextMinorVersion;
				minimumVersion = 10.10.0;
			};
		};
/* End XCRemoteSwiftPackageReference section */

/* Begin XCSwiftPackageProductDependency section */
		CDE1842C2A1D5BC10032A1A4 /* FirebaseAuth */ = {
			isa = XCSwiftPackageProductDependency;
			package = CDE1842B2A1D5BC10032A1A4 /* XCRemoteSwiftPackageReference "firebase-ios-sdk" */;
			productName = FirebaseAuth;
		};
		CDE1842E2A1D5BC10032A1A4 /* FirebaseAuthCombine-Community */ = {
			isa = XCSwiftPackageProductDependency;
			package = CDE1842B2A1D5BC10032A1A4 /* XCRemoteSwiftPackageReference "firebase-ios-sdk" */;
			productName = "FirebaseAuthCombine-Community";
		};
		CDE184302A1D5BC10032A1A4 /* FirebaseDatabase */ = {
			isa = XCSwiftPackageProductDependency;
			package = CDE1842B2A1D5BC10032A1A4 /* XCRemoteSwiftPackageReference "firebase-ios-sdk" */;
			productName = FirebaseDatabase;
		};
		CDE184322A1D5BC10032A1A4 /* FirebaseDatabaseSwift */ = {
			isa = XCSwiftPackageProductDependency;
			package = CDE1842B2A1D5BC10032A1A4 /* XCRemoteSwiftPackageReference "firebase-ios-sdk" */;
			productName = FirebaseDatabaseSwift;
		};
		CDE184342A1D5BC10032A1A4 /* FirebaseDynamicLinks */ = {
			isa = XCSwiftPackageProductDependency;
			package = CDE1842B2A1D5BC10032A1A4 /* XCRemoteSwiftPackageReference "firebase-ios-sdk" */;
			productName = FirebaseDynamicLinks;
		};
		CDE184362A1D5BC10032A1A4 /* FirebaseFirestore */ = {
			isa = XCSwiftPackageProductDependency;
			package = CDE1842B2A1D5BC10032A1A4 /* XCRemoteSwiftPackageReference "firebase-ios-sdk" */;
			productName = FirebaseFirestore;
		};
		CDE184382A1D5BC10032A1A4 /* FirebaseFirestoreCombine-Community */ = {
			isa = XCSwiftPackageProductDependency;
			package = CDE1842B2A1D5BC10032A1A4 /* XCRemoteSwiftPackageReference "firebase-ios-sdk" */;
			productName = "FirebaseFirestoreCombine-Community";
		};
		CDE1843A2A1D5BC10032A1A4 /* FirebaseFirestoreSwift */ = {
			isa = XCSwiftPackageProductDependency;
			package = CDE1842B2A1D5BC10032A1A4 /* XCRemoteSwiftPackageReference "firebase-ios-sdk" */;
			productName = FirebaseFirestoreSwift;
		};
		CDE1843C2A1D5BC10032A1A4 /* FirebaseStorage */ = {
			isa = XCSwiftPackageProductDependency;
			package = CDE1842B2A1D5BC10032A1A4 /* XCRemoteSwiftPackageReference "firebase-ios-sdk" */;
			productName = FirebaseStorage;
		};
		CDE1843E2A1D5BC10032A1A4 /* FirebaseStorageCombine-Community */ = {
			isa = XCSwiftPackageProductDependency;
			package = CDE1842B2A1D5BC10032A1A4 /* XCRemoteSwiftPackageReference "firebase-ios-sdk" */;
			productName = "FirebaseStorageCombine-Community";
		};
/* End XCSwiftPackageProductDependency section */
	};
	rootObject = CD85BA2B2A19468000E3C332 /* Project object */;
}
